{
  "nodes": {
    "home-manager": {
      "inputs": {
        "nixpkgs": [
          "nixpkgs"
        ]
      },
      "locked": {
        "lastModified": 1706985585,
        "narHash": "sha256-ptshv4qXiC6V0GCfpABz88UGGPNwqs5tAxaRUKbk1Qo=",
        "owner": "nix-community",
        "repo": "home-manager",
        "rev": "1ca210648a6ca9b957efde5da957f3de6b1f0c45",
        "type": "github"
      },
      "original": {
        "owner": "nix-community",
        "repo": "home-manager",
        "type": "github"
      }
    },
    "nixpkgs": {
      "locked": {
        "lastModified": 1707001875,
        "narHash": "sha256-UtvN2T1CBNDB+prASO8H3MIji6QQyojyhIzJSgoBwCY=",
        "owner": "NixOS",
        "repo": "nixpkgs",
        "rev": "c96ce5eae6b43ae999a8df54a097326a9899f896",
        "type": "github"
      },
      "original": {
        "owner": "NixOS",
        "ref": "release-23.11",
        "repo": "nixpkgs",
        "type": "github"
      }
    },
    "root": {
      "inputs": {
        "home-manager": "home-manager",
        "nixpkgs": "nixpkgs"
      }
    }
  },
  "root": "root",
  "version": 7
}
