{
  "nodes": {
    "nixpkgs": {
      "locked": {
        "lastModified": 1706666764,
        "narHash": "sha256-M59UCWsadEFO+DMdZFMtTlxpFyT3RQIpBLuEX8oziVc=",
        "owner": "NixOS",
        "repo": "nixpkgs",
        "rev": "7731670498f0a22c361c9d68f73d382bce05d7dc",
        "type": "github"
      },
      "original": {
        "owner": "NixOS",
        "ref": "release-23.11",
        "repo": "nixpkgs",
        "type": "github"
      }
    },
    "root": {
      "inputs": {
        "nixpkgs": "nixpkgs"
      }
    }
  },
  "root": "root",
  "version": 7
}
