{
  "nodes": {
    "nix-darwin": {
      "inputs": {
        "nixpkgs": [
          "nixpkgs"
        ]
      },
      "locked": {
        "lastModified": 1706405065,
        "narHash": "sha256-femlVBNWgr9a6HfBUzhBF/9S8VBlaHDKcEm8B89O+zc=",
        "owner": "LnL7",
        "repo": "nix-darwin",
        "rev": "0108864c15bb68ad57d17fb2e7d3a3e025751d79",
        "type": "github"
      },
      "original": {
        "owner": "LnL7",
        "repo": "nix-darwin",
        "type": "github"
      }
    },
    "nixpkgs": {
      "locked": {
        "lastModified": 1706470768,
        "narHash": "sha256-ddAEniObz4JBJvzxXHodApaAxkbfb748L5rMgVSR6Rs=",
        "owner": "NixOS",
        "repo": "nixpkgs",
        "rev": "58e2ab081f2c8b31d4a7329614f8ec370e3858e5",
        "type": "github"
      },
      "original": {
        "owner": "NixOS",
        "ref": "nixpkgs-23.11-darwin",
        "repo": "nixpkgs",
        "type": "github"
      }
    },
    "root": {
      "inputs": {
        "nix-darwin": "nix-darwin",
        "nixpkgs": "nixpkgs"
      }
    }
  },
  "root": "root",
  "version": 7
}
